
Microsoft Visual Studio Solution File, Format Version 12.00
# Visual Studio Version 17
VisualStudioVersion = 17.13.35919.96 d17.13
MinimumVisualStudioVersion = 10.0.40219.1
Project("{FAE04EC0-301F-11D3-BF4B-00C04F79EFBC}") = "WizardGuildApp", "WizardGuildApp.csproj", "{EB3CE94D-E78F-4AEE-ADB6-FF6E7EBA7121}"
EndProject
Global
	GlobalSection(SolutionConfigurationPlatforms) = preSolution
		Debug|Any CPU = Debug|Any CPU
		Release|Any CPU = Release|Any CPU
	EndGlobalSection
	GlobalSection(ProjectConfigurationPlatforms) = postSolution
		{EB3CE94D-E78F-4AEE-ADB6-FF6E7EBA7121}.Debug|Any CPU.ActiveCfg = Debug|Any CPU
		{EB3CE94D-E78F-4AEE-ADB6-FF6E7EBA7121}.Debug|Any CPU.Build.0 = Debug|Any CPU
		{EB3CE94D-E78F-4AEE-ADB6-FF6E7EBA7121}.Release|Any CPU.ActiveCfg = Release|Any CPU
		{EB3CE94D-E78F-4AEE-ADB6-FF6E7EBA7121}.Release|Any CPU.Build.0 = Release|Any CPU
	EndGlobalSection
	GlobalSection(SolutionProperties) = preSolution
		HideSolutionNode = FALSE
	EndGlobalSection
	GlobalSection(ExtensibilityGlobals) = postSolution
		SolutionGuid = {8289F53A-DA06-4735-9BF5-B7DD00138195}
	EndGlobalSection
EndGlobal
