
Microsoft Visual Studio Solution File, Format Version 12.00
# Visual Studio Version 17
VisualStudioVersion = 17.0.31903.59
MinimumVisualStudioVersion = 10.0.40219.1
Project("{FAE04EC0-301F-11D3-BF4B-00C04F79EFBC}") = "ContactsLibrary", "ContactsLibrary\ContactsLibrary.csproj", "{FFAE7D5B-90C5-46F0-A71F-78577D7AC8A9}"
EndProject
Project("{FAE04EC0-301F-11D3-BF4B-00C04F79EFBC}") = "ContactManager", "ContactManager\ContactManager.csproj", "{9CF9F090-E70E-430E-AC52-55849A4EAF3D}"
EndProject
Project("{FAE04EC0-301F-11D3-BF4B-00C04F79EFBC}") = "JsonPlugin", "JsonPlugin\JsonPlugin.csproj", "{A10110B9-A3A1-45A7-98A5-79BB7E0E3905}"
EndProject
Global
	GlobalSection(SolutionConfigurationPlatforms) = preSolution
		Debug|Any CPU = Debug|Any CPU
		Debug|x64 = Debug|x64
		Debug|x86 = Debug|x86
		Release|Any CPU = Release|Any CPU
		Release|x64 = Release|x64
		Release|x86 = Release|x86
	EndGlobalSection
	GlobalSection(ProjectConfigurationPlatforms) = postSolution
		{FFAE7D5B-90C5-46F0-A71F-78577D7AC8A9}.Debug|Any CPU.ActiveCfg = Debug|Any CPU
		{FFAE7D5B-90C5-46F0-A71F-78577D7AC8A9}.Debug|Any CPU.Build.0 = Debug|Any CPU
		{FFAE7D5B-90C5-46F0-A71F-78577D7AC8A9}.Debug|x64.ActiveCfg = Debug|Any CPU
		{FFAE7D5B-90C5-46F0-A71F-78577D7AC8A9}.Debug|x64.Build.0 = Debug|Any CPU
		{FFAE7D5B-90C5-46F0-A71F-78577D7AC8A9}.Debug|x86.ActiveCfg = Debug|Any CPU
		{FFAE7D5B-90C5-46F0-A71F-78577D7AC8A9}.Debug|x86.Build.0 = Debug|Any CPU
		{FFAE7D5B-90C5-46F0-A71F-78577D7AC8A9}.Release|Any CPU.ActiveCfg = Release|Any CPU
		{FFAE7D5B-90C5-46F0-A71F-78577D7AC8A9}.Release|Any CPU.Build.0 = Release|Any CPU
		{FFAE7D5B-90C5-46F0-A71F-78577D7AC8A9}.Release|x64.ActiveCfg = Release|Any CPU
		{FFAE7D5B-90C5-46F0-A71F-78577D7AC8A9}.Release|x64.Build.0 = Release|Any CPU
		{FFAE7D5B-90C5-46F0-A71F-78577D7AC8A9}.Release|x86.ActiveCfg = Release|Any CPU
		{FFAE7D5B-90C5-46F0-A71F-78577D7AC8A9}.Release|x86.Build.0 = Release|Any CPU
		{9CF9F090-E70E-430E-AC52-55849A4EAF3D}.Debug|Any CPU.ActiveCfg = Debug|Any CPU
		{9CF9F090-E70E-430E-AC52-55849A4EAF3D}.Debug|Any CPU.Build.0 = Debug|Any CPU
		{9CF9F090-E70E-430E-AC52-55849A4EAF3D}.Debug|x64.ActiveCfg = Debug|Any CPU
		{9CF9F090-E70E-430E-AC52-55849A4EAF3D}.Debug|x64.Build.0 = Debug|Any CPU
		{9CF9F090-E70E-430E-AC52-55849A4EAF3D}.Debug|x86.ActiveCfg = Debug|Any CPU
		{9CF9F090-E70E-430E-AC52-55849A4EAF3D}.Debug|x86.Build.0 = Debug|Any CPU
		{9CF9F090-E70E-430E-AC52-55849A4EAF3D}.Release|Any CPU.ActiveCfg = Release|Any CPU
		{9CF9F090-E70E-430E-AC52-55849A4EAF3D}.Release|Any CPU.Build.0 = Release|Any CPU
		{9CF9F090-E70E-430E-AC52-55849A4EAF3D}.Release|x64.ActiveCfg = Release|Any CPU
		{9CF9F090-E70E-430E-AC52-55849A4EAF3D}.Release|x64.Build.0 = Release|Any CPU
		{9CF9F090-E70E-430E-AC52-55849A4EAF3D}.Release|x86.ActiveCfg = Release|Any CPU
		{9CF9F090-E70E-430E-AC52-55849A4EAF3D}.Release|x86.Build.0 = Release|Any CPU
		{A10110B9-A3A1-45A7-98A5-79BB7E0E3905}.Debug|Any CPU.ActiveCfg = Debug|Any CPU
		{A10110B9-A3A1-45A7-98A5-79BB7E0E3905}.Debug|Any CPU.Build.0 = Debug|Any CPU
		{A10110B9-A3A1-45A7-98A5-79BB7E0E3905}.Debug|x64.ActiveCfg = Debug|Any CPU
		{A10110B9-A3A1-45A7-98A5-79BB7E0E3905}.Debug|x64.Build.0 = Debug|Any CPU
		{A10110B9-A3A1-45A7-98A5-79BB7E0E3905}.Debug|x86.ActiveCfg = Debug|Any CPU
		{A10110B9-A3A1-45A7-98A5-79BB7E0E3905}.Debug|x86.Build.0 = Debug|Any CPU
		{A10110B9-A3A1-45A7-98A5-79BB7E0E3905}.Release|Any CPU.ActiveCfg = Release|Any CPU
		{A10110B9-A3A1-45A7-98A5-79BB7E0E3905}.Release|Any CPU.Build.0 = Release|Any CPU
		{A10110B9-A3A1-45A7-98A5-79BB7E0E3905}.Release|x64.ActiveCfg = Release|Any CPU
		{A10110B9-A3A1-45A7-98A5-79BB7E0E3905}.Release|x64.Build.0 = Release|Any CPU
		{A10110B9-A3A1-45A7-98A5-79BB7E0E3905}.Release|x86.ActiveCfg = Release|Any CPU
		{A10110B9-A3A1-45A7-98A5-79BB7E0E3905}.Release|x86.Build.0 = Release|Any CPU
	EndGlobalSection
	GlobalSection(SolutionProperties) = preSolution
		HideSolutionNode = FALSE
	EndGlobalSection
EndGlobal
